
Microsoft Visual Studio Solution File, Format Version 12.00
# Visual Studio Version 17
VisualStudioVersion = 17.5.33424.131
MinimumVisualStudioVersion = 10.0.40219.1
Project("{FAE04EC0-301F-11D3-BF4B-00C04F79EFBC}") = "NutriTEc-Backend", "NutriTEc-Backend\NutriTEc-Backend.csproj", "{34DCBDDF-14DC-4EE0-BE22-C73DA99984D5}"
EndProject
Global
	GlobalSection(SolutionConfigurationPlatforms) = preSolution
		Debug|Any CPU = Debug|Any CPU
		Release|Any CPU = Release|Any CPU
	EndGlobalSection
	GlobalSection(ProjectConfigurationPlatforms) = postSolution
		{34DCBDDF-14DC-4EE0-BE22-C73DA99984D5}.Debug|Any CPU.ActiveCfg = Debug|Any CPU
		{34DCBDDF-14DC-4EE0-BE22-C73DA99984D5}.Debug|Any CPU.Build.0 = Debug|Any CPU
		{34DCBDDF-14DC-4EE0-BE22-C73DA99984D5}.Release|Any CPU.ActiveCfg = Release|Any CPU
		{34DCBDDF-14DC-4EE0-BE22-C73DA99984D5}.Release|Any CPU.Build.0 = Release|Any CPU
	EndGlobalSection
	GlobalSection(SolutionProperties) = preSolution
		HideSolutionNode = FALSE
	EndGlobalSection
	GlobalSection(ExtensibilityGlobals) = postSolution
		SolutionGuid = {05A866BD-4F91-4E3B-9A37-C8B4F85EC48F}
	EndGlobalSection
EndGlobal
